
Microsoft Visual Studio Solution File, Format Version 12.00
# Visual Studio Version 17
VisualStudioVersion = 17.0.32014.148
MinimumVisualStudioVersion = 10.0.40219.1
Project("{FAE04EC0-301F-11D3-BF4B-00C04F79EFBC}") = "BlogProject", "BlogProject\BlogProject.csproj", "{432BA796-3F16-4A8C-8AB2-65C3856DA38F}"
EndProject
Global
	GlobalSection(SolutionConfigurationPlatforms) = preSolution
		Debug|Any CPU = Debug|Any CPU
		Release|Any CPU = Release|Any CPU
	EndGlobalSection
	GlobalSection(ProjectConfigurationPlatforms) = postSolution
		{432BA796-3F16-4A8C-8AB2-65C3856DA38F}.Debug|Any CPU.ActiveCfg = Debug|Any CPU
		{432BA796-3F16-4A8C-8AB2-65C3856DA38F}.Debug|Any CPU.Build.0 = Debug|Any CPU
		{432BA796-3F16-4A8C-8AB2-65C3856DA38F}.Release|Any CPU.ActiveCfg = Release|Any CPU
		{432BA796-3F16-4A8C-8AB2-65C3856DA38F}.Release|Any CPU.Build.0 = Release|Any CPU
	EndGlobalSection
	GlobalSection(SolutionProperties) = preSolution
		HideSolutionNode = FALSE
	EndGlobalSection
	GlobalSection(ExtensibilityGlobals) = postSolution
		SolutionGuid = {66C223B4-D161-4E01-8970-BACE69699978}
	EndGlobalSection
EndGlobal
